
Microsoft Visual Studio Solution File, Format Version 12.00
# Visual Studio Version 17
VisualStudioVersion = 17.1.32210.238
MinimumVisualStudioVersion = 10.0.40219.1
Project("{9A19103F-16F7-4668-BE54-9A1E7A4F7556}") = "CGA_Client", "CGA_Client\CGA_Client.csproj", "{1D66669F-743C-4F7D-84C8-9C6B366B9EAD}"
EndProject
Project("{9A19103F-16F7-4668-BE54-9A1E7A4F7556}") = "CGA_Server", "CGA_Server\CGA_Server.csproj", "{50A00CB9-76EB-4363-88EB-DD878CBA4681}"
EndProject
Global
	GlobalSection(SolutionConfigurationPlatforms) = preSolution
		Debug|Any CPU = Debug|Any CPU
		Release|Any CPU = Release|Any CPU
	EndGlobalSection
	GlobalSection(ProjectConfigurationPlatforms) = postSolution
		{1D66669F-743C-4F7D-84C8-9C6B366B9EAD}.Debug|Any CPU.ActiveCfg = Debug|Any CPU
		{1D66669F-743C-4F7D-84C8-9C6B366B9EAD}.Debug|Any CPU.Build.0 = Debug|Any CPU
		{1D66669F-743C-4F7D-84C8-9C6B366B9EAD}.Release|Any CPU.ActiveCfg = Release|Any CPU
		{1D66669F-743C-4F7D-84C8-9C6B366B9EAD}.Release|Any CPU.Build.0 = Release|Any CPU
		{50A00CB9-76EB-4363-88EB-DD878CBA4681}.Debug|Any CPU.ActiveCfg = Debug|Any CPU
		{50A00CB9-76EB-4363-88EB-DD878CBA4681}.Debug|Any CPU.Build.0 = Debug|Any CPU
		{50A00CB9-76EB-4363-88EB-DD878CBA4681}.Release|Any CPU.ActiveCfg = Release|Any CPU
		{50A00CB9-76EB-4363-88EB-DD878CBA4681}.Release|Any CPU.Build.0 = Release|Any CPU
	EndGlobalSection
	GlobalSection(SolutionProperties) = preSolution
		HideSolutionNode = FALSE
	EndGlobalSection
	GlobalSection(ExtensibilityGlobals) = postSolution
		SolutionGuid = {4C008571-7D8A-4110-9340-74E937160179}
	EndGlobalSection
EndGlobal
